// !$*UTF8*$!
{
	archiveVersion = 1;
	classes = {
	};
	objectVersion = 56;
	objects = {

/* Begin PBXBuildFile section */
		7B671C962C418165008BBEA5 /* SwiftUI_BoilerplateApp.swift in Sources */ = {isa = PBXBuildFile; fileRef = 7B671C952C418165008BBEA5 /* SwiftUI_BoilerplateApp.swift */; };
		7B671C9A2C418166008BBEA5 /* Assets.xcassets in Resources */ = {isa = PBXBuildFile; fileRef = 7B671C992C418166008BBEA5 /* Assets.xcassets */; };
		7B671C9D2C418166008BBEA5 /* Preview Assets.xcassets in Resources */ = {isa = PBXBuildFile; fileRef = 7B671C9C2C418166008BBEA5 /* Preview Assets.xcassets */; };
		7B671CA92C41818D008BBEA5 /* LoginViewModel.swift in Sources */ = {isa = PBXBuildFile; fileRef = 7B671CA42C41818D008BBEA5 /* LoginViewModel.swift */; };
		7B671CAA2C41818D008BBEA5 /* LoginView.swift in Sources */ = {isa = PBXBuildFile; fileRef = 7B671CA62C41818D008BBEA5 /* LoginView.swift */; };
		7B671CB62C4181B3008BBEA5 /* Constants.swift in Sources */ = {isa = PBXBuildFile; fileRef = 7B671CB22C4181B3008BBEA5 /* Constants.swift */; };
		7B671CB72C4181B3008BBEA5 /* Extensions.swift in Sources */ = {isa = PBXBuildFile; fileRef = 7B671CB32C4181B3008BBEA5 /* Extensions.swift */; };
		7B671CB82C4181B3008BBEA5 /* Validation.swift in Sources */ = {isa = PBXBuildFile; fileRef = 7B671CB42C4181B3008BBEA5 /* Validation.swift */; };
		7B671CC02C4181BA008BBEA5 /* BTButton.swift in Sources */ = {isa = PBXBuildFile; fileRef = 7B671CBB2C4181BA008BBEA5 /* BTButton.swift */; };
		7B671CC12C4181BA008BBEA5 /* BTSecureField.swift in Sources */ = {isa = PBXBuildFile; fileRef = 7B671CBC2C4181BA008BBEA5 /* BTSecureField.swift */; };
		7B671CC22C4181BA008BBEA5 /* BTTextField.swift in Sources */ = {isa = PBXBuildFile; fileRef = 7B671CBD2C4181BA008BBEA5 /* BTTextField.swift */; };
		7B671CCE2C41937B008BBEA5 /* RegisterView.swift in Sources */ = {isa = PBXBuildFile; fileRef = 7B671CCA2C41937B008BBEA5 /* RegisterView.swift */; };
		7B671CD02C419431008BBEA5 /* RegisterViewModel.swift in Sources */ = {isa = PBXBuildFile; fileRef = 7B671CCF2C419431008BBEA5 /* RegisterViewModel.swift */; };
		7B671CD62C443288008BBEA5 /* NavigationView.swift in Sources */ = {isa = PBXBuildFile; fileRef = 7B671CD52C443288008BBEA5 /* NavigationView.swift */; };
		7B671CD82C443301008BBEA5 /* NavigationViewModel.swift in Sources */ = {isa = PBXBuildFile; fileRef = 7B671CD72C443301008BBEA5 /* NavigationViewModel.swift */; };
		7BB286A02C45DACD003A58DC /* AuthService.swift in Sources */ = {isa = PBXBuildFile; fileRef = 7BB2869F2C45DACD003A58DC /* AuthService.swift */; };
		7BB286A22C47236A003A58DC /* APIService.swift in Sources */ = {isa = PBXBuildFile; fileRef = 7BB286A12C47236A003A58DC /* APIService.swift */; };
		7BB286A62C4833E8003A58DC /* APIRequest.swift in Sources */ = {isa = PBXBuildFile; fileRef = 7BB286A52C4833E8003A58DC /* APIRequest.swift */; };
		7BB286A92C4856A6003A58DC /* KeychainAccess in Frameworks */ = {isa = PBXBuildFile; productRef = 7BB286A82C4856A6003A58DC /* KeychainAccess */; };
		7BB286AB2C485A03003A58DC /* NetworkError.swift in Sources */ = {isa = PBXBuildFile; fileRef = 7BB286AA2C485A03003A58DC /* NetworkError.swift */; };
		7BB286AF2C486190003A58DC /* JWTPayload.swift in Sources */ = {isa = PBXBuildFile; fileRef = 7BB286AE2C486190003A58DC /* JWTPayload.swift */; };
		7BB286B62C487CD3003A58DC /* JWTDecode in Frameworks */ = {isa = PBXBuildFile; productRef = 7BB286B52C487CD3003A58DC /* JWTDecode */; };
		7BB286B82C4EA120003A58DC /* UserViewModel.swift in Sources */ = {isa = PBXBuildFile; fileRef = 7BB286B72C4EA120003A58DC /* UserViewModel.swift */; };
		7BB286BB2C4EA71C003A58DC /* LoginRequest.swift in Sources */ = {isa = PBXBuildFile; fileRef = 7BB286BA2C4EA71C003A58DC /* LoginRequest.swift */; };
		7BB286BE2C51651C003A58DC /* AuthResponse.swift in Sources */ = {isa = PBXBuildFile; fileRef = 7BB286BD2C51651C003A58DC /* AuthResponse.swift */; };
		7BB286C02C517FEF003A58DC /* EmptyCodable.swift in Sources */ = {isa = PBXBuildFile; fileRef = 7BB286BF2C517FEF003A58DC /* EmptyCodable.swift */; };
		7BB286C32C581E99003A58DC /* User.swift in Sources */ = {isa = PBXBuildFile; fileRef = 7BB286C22C581E99003A58DC /* User.swift */; };
		7BB286C52C5A93C6003A58DC /* UserView.swift in Sources */ = {isa = PBXBuildFile; fileRef = 7BB286C42C5A93C6003A58DC /* UserView.swift */; };
		7BD1D7182C95174A00CFC1B0 /* RegisterRequest.swift in Sources */ = {isa = PBXBuildFile; fileRef = 7BD1D7172C95174A00CFC1B0 /* RegisterRequest.swift */; };
/* End PBXBuildFile section */

/* Begin PBXFileReference section */
		7B671C922C418165008BBEA5 /* SwiftUI Boilerplate.app */ = {isa = PBXFileReference; explicitFileType = wrapper.application; includeInIndex = 0; path = "SwiftUI Boilerplate.app"; sourceTree = BUILT_PRODUCTS_DIR; };
		7B671C952C418165008BBEA5 /* SwiftUI_BoilerplateApp.swift */ = {isa = PBXFileReference; lastKnownFileType = sourcecode.swift; path = SwiftUI_BoilerplateApp.swift; sourceTree = "<group>"; };
		7B671C992C418166008BBEA5 /* Assets.xcassets */ = {isa = PBXFileReference; lastKnownFileType = folder.assetcatalog; path = Assets.xcassets; sourceTree = "<group>"; };
		7B671C9C2C418166008BBEA5 /* Preview Assets.xcassets */ = {isa = PBXFileReference; lastKnownFileType = folder.assetcatalog; path = "Preview Assets.xcassets"; sourceTree = "<group>"; };
		7B671CA42C41818D008BBEA5 /* LoginViewModel.swift */ = {isa = PBXFileReference; fileEncoding = 4; lastKnownFileType = sourcecode.swift; path = LoginViewModel.swift; sourceTree = "<group>"; };
		7B671CA62C41818D008BBEA5 /* LoginView.swift */ = {isa = PBXFileReference; fileEncoding = 4; lastKnownFileType = sourcecode.swift; path = LoginView.swift; sourceTree = "<group>"; };
		7B671CB22C4181B3008BBEA5 /* Constants.swift */ = {isa = PBXFileReference; fileEncoding = 4; lastKnownFileType = sourcecode.swift; path = Constants.swift; sourceTree = "<group>"; };
		7B671CB32C4181B3008BBEA5 /* Extensions.swift */ = {isa = PBXFileReference; fileEncoding = 4; lastKnownFileType = sourcecode.swift; path = Extensions.swift; sourceTree = "<group>"; };
		7B671CB42C4181B3008BBEA5 /* Validation.swift */ = {isa = PBXFileReference; fileEncoding = 4; lastKnownFileType = sourcecode.swift; path = Validation.swift; sourceTree = "<group>"; };
		7B671CBB2C4181BA008BBEA5 /* BTButton.swift */ = {isa = PBXFileReference; fileEncoding = 4; lastKnownFileType = sourcecode.swift; path = BTButton.swift; sourceTree = "<group>"; };
		7B671CBC2C4181BA008BBEA5 /* BTSecureField.swift */ = {isa = PBXFileReference; fileEncoding = 4; lastKnownFileType = sourcecode.swift; path = BTSecureField.swift; sourceTree = "<group>"; };
		7B671CBD2C4181BA008BBEA5 /* BTTextField.swift */ = {isa = PBXFileReference; fileEncoding = 4; lastKnownFileType = sourcecode.swift; path = BTTextField.swift; sourceTree = "<group>"; };
		7B671CCA2C41937B008BBEA5 /* RegisterView.swift */ = {isa = PBXFileReference; fileEncoding = 4; lastKnownFileType = sourcecode.swift; path = RegisterView.swift; sourceTree = "<group>"; };
		7B671CCF2C419431008BBEA5 /* RegisterViewModel.swift */ = {isa = PBXFileReference; fileEncoding = 4; lastKnownFileType = sourcecode.swift; path = RegisterViewModel.swift; sourceTree = "<group>"; };
		7B671CD52C443288008BBEA5 /* NavigationView.swift */ = {isa = PBXFileReference; lastKnownFileType = sourcecode.swift; path = NavigationView.swift; sourceTree = "<group>"; };
		7B671CD72C443301008BBEA5 /* NavigationViewModel.swift */ = {isa = PBXFileReference; lastKnownFileType = sourcecode.swift; path = NavigationViewModel.swift; sourceTree = "<group>"; };
		7BB2869F2C45DACD003A58DC /* AuthService.swift */ = {isa = PBXFileReference; lastKnownFileType = sourcecode.swift; path = AuthService.swift; sourceTree = "<group>"; };
		7BB286A12C47236A003A58DC /* APIService.swift */ = {isa = PBXFileReference; lastKnownFileType = sourcecode.swift; path = APIService.swift; sourceTree = "<group>"; };
		7BB286A52C4833E8003A58DC /* APIRequest.swift */ = {isa = PBXFileReference; lastKnownFileType = sourcecode.swift; path = APIRequest.swift; sourceTree = "<group>"; };
		7BB286AA2C485A03003A58DC /* NetworkError.swift */ = {isa = PBXFileReference; lastKnownFileType = sourcecode.swift; path = NetworkError.swift; sourceTree = "<group>"; };
		7BB286AE2C486190003A58DC /* JWTPayload.swift */ = {isa = PBXFileReference; lastKnownFileType = sourcecode.swift; path = JWTPayload.swift; sourceTree = "<group>"; };
		7BB286B72C4EA120003A58DC /* UserViewModel.swift */ = {isa = PBXFileReference; lastKnownFileType = sourcecode.swift; path = UserViewModel.swift; sourceTree = "<group>"; };
		7BB286BA2C4EA71C003A58DC /* LoginRequest.swift */ = {isa = PBXFileReference; lastKnownFileType = sourcecode.swift; path = LoginRequest.swift; sourceTree = "<group>"; };
		7BB286BD2C51651C003A58DC /* AuthResponse.swift */ = {isa = PBXFileReference; lastKnownFileType = sourcecode.swift; path = AuthResponse.swift; sourceTree = "<group>"; };
		7BB286BF2C517FEF003A58DC /* EmptyCodable.swift */ = {isa = PBXFileReference; lastKnownFileType = sourcecode.swift; path = EmptyCodable.swift; sourceTree = "<group>"; };
		7BB286C22C581E99003A58DC /* User.swift */ = {isa = PBXFileReference; lastKnownFileType = sourcecode.swift; path = User.swift; sourceTree = "<group>"; };
		7BB286C42C5A93C6003A58DC /* UserView.swift */ = {isa = PBXFileReference; lastKnownFileType = sourcecode.swift; path = UserView.swift; sourceTree = "<group>"; };
		7BD1D7172C95174A00CFC1B0 /* RegisterRequest.swift */ = {isa = PBXFileReference; lastKnownFileType = sourcecode.swift; path = RegisterRequest.swift; sourceTree = "<group>"; };
/* End PBXFileReference section */

/* Begin PBXFrameworksBuildPhase section */
		7B671C8F2C418165008BBEA5 /* Frameworks */ = {
			isa = PBXFrameworksBuildPhase;
			buildActionMask = 2147483647;
			files = (
				7BB286B62C487CD3003A58DC /* JWTDecode in Frameworks */,
				7BB286A92C4856A6003A58DC /* KeychainAccess in Frameworks */,
			);
			runOnlyForDeploymentPostprocessing = 0;
		};
/* End PBXFrameworksBuildPhase section */

/* Begin PBXGroup section */
		7B671C892C418165008BBEA5 = {
			isa = PBXGroup;
			children = (
				7B671C942C418165008BBEA5 /* SwiftUI Boilerplate */,
				7B671C932C418165008BBEA5 /* Products */,
			);
			sourceTree = "<group>";
		};
		7B671C932C418165008BBEA5 /* Products */ = {
			isa = PBXGroup;
			children = (
				7B671C922C418165008BBEA5 /* SwiftUI Boilerplate.app */,
			);
			name = Products;
			sourceTree = "<group>";
		};
		7B671C942C418165008BBEA5 /* SwiftUI Boilerplate */ = {
			isa = PBXGroup;
			children = (
				7B671C952C418165008BBEA5 /* SwiftUI_BoilerplateApp.swift */,
				7B671C992C418166008BBEA5 /* Assets.xcassets */,
				7BB2869D2C45D96E003A58DC /* Services */,
				7BB2869C2C45D965003A58DC /* Models */,
				7BB2869B2C45D95A003A58DC /* ViewModels */,
				7BB2869A2C45D941003A58DC /* Views */,
				7B671CB52C4181B3008BBEA5 /* Utils */,
				7B671C9B2C418166008BBEA5 /* Preview Content */,
			);
			path = "SwiftUI Boilerplate";
			sourceTree = "<group>";
		};
		7B671C9B2C418166008BBEA5 /* Preview Content */ = {
			isa = PBXGroup;
			children = (
				7B671C9C2C418166008BBEA5 /* Preview Assets.xcassets */,
			);
			path = "Preview Content";
			sourceTree = "<group>";
		};
		7B671CB52C4181B3008BBEA5 /* Utils */ = {
			isa = PBXGroup;
			children = (
				7B671CB22C4181B3008BBEA5 /* Constants.swift */,
				7B671CB32C4181B3008BBEA5 /* Extensions.swift */,
				7B671CB42C4181B3008BBEA5 /* Validation.swift */,
			);
			path = Utils;
			sourceTree = "<group>";
		};
		7BB2869A2C45D941003A58DC /* Views */ = {
			isa = PBXGroup;
			children = (
				7B671CBD2C4181BA008BBEA5 /* BTTextField.swift */,
				7B671CBC2C4181BA008BBEA5 /* BTSecureField.swift */,
				7B671CBB2C4181BA008BBEA5 /* BTButton.swift */,
				7B671CCA2C41937B008BBEA5 /* RegisterView.swift */,
				7B671CD52C443288008BBEA5 /* NavigationView.swift */,
				7B671CA62C41818D008BBEA5 /* LoginView.swift */,
				7BB286C42C5A93C6003A58DC /* UserView.swift */,
			);
			path = Views;
			sourceTree = "<group>";
		};
		7BB2869B2C45D95A003A58DC /* ViewModels */ = {
			isa = PBXGroup;
			children = (
				7BB286B72C4EA120003A58DC /* UserViewModel.swift */,
				7B671CA42C41818D008BBEA5 /* LoginViewModel.swift */,
				7B671CCF2C419431008BBEA5 /* RegisterViewModel.swift */,
				7B671CD72C443301008BBEA5 /* NavigationViewModel.swift */,
			);
			path = ViewModels;
			sourceTree = "<group>";
		};
		7BB2869C2C45D965003A58DC /* Models */ = {
			isa = PBXGroup;
			children = (
				7BB286BC2C5164F7003A58DC /* APIResponses */,
				7BB286B92C4EA709003A58DC /* APIRequests */,
				7BB286AE2C486190003A58DC /* JWTPayload.swift */,
				7BB286A52C4833E8003A58DC /* APIRequest.swift */,
				7BB286AA2C485A03003A58DC /* NetworkError.swift */,
				7BB286BF2C517FEF003A58DC /* EmptyCodable.swift */,
				7BB286C22C581E99003A58DC /* User.swift */,
			);
			path = Models;
			sourceTree = "<group>";
		};
		7BB2869D2C45D96E003A58DC /* Services */ = {
			isa = PBXGroup;
			children = (
				7BB2869F2C45DACD003A58DC /* AuthService.swift */,
				7BB286A12C47236A003A58DC /* APIService.swift */,
			);
			path = Services;
			sourceTree = "<group>";
		};
		7BB286B92C4EA709003A58DC /* APIRequests */ = {
			isa = PBXGroup;
			children = (
				7BB286BA2C4EA71C003A58DC /* LoginRequest.swift */,
				7BD1D7172C95174A00CFC1B0 /* RegisterRequest.swift */,
			);
			path = APIRequests;
			sourceTree = "<group>";
		};
		7BB286BC2C5164F7003A58DC /* APIResponses */ = {
			isa = PBXGroup;
			children = (
				7BB286BD2C51651C003A58DC /* AuthResponse.swift */,
			);
			path = APIResponses;
			sourceTree = "<group>";
		};
/* End PBXGroup section */

/* Begin PBXNativeTarget section */
		7B671C912C418165008BBEA5 /* SwiftUI Boilerplate */ = {
			isa = PBXNativeTarget;
			buildConfigurationList = 7B671CA02C418166008BBEA5 /* Build configuration list for PBXNativeTarget "SwiftUI Boilerplate" */;
			buildPhases = (
				7B671C8E2C418165008BBEA5 /* Sources */,
				7B671C8F2C418165008BBEA5 /* Frameworks */,
				7B671C902C418165008BBEA5 /* Resources */,
			);
			buildRules = (
			);
			dependencies = (
			);
			name = "SwiftUI Boilerplate";
			packageProductDependencies = (
				7BB286A82C4856A6003A58DC /* KeychainAccess */,
				7BB286B52C487CD3003A58DC /* JWTDecode */,
			);
			productName = "SwiftUI Boilerplate";
			productReference = 7B671C922C418165008BBEA5 /* SwiftUI Boilerplate.app */;
			productType = "com.apple.product-type.application";
		};
/* End PBXNativeTarget section */

/* Begin PBXProject section */
		7B671C8A2C418165008BBEA5 /* Project object */ = {
			isa = PBXProject;
			attributes = {
				BuildIndependentTargetsInParallel = 1;
				LastSwiftUpdateCheck = 1540;
				LastUpgradeCheck = 1540;
				TargetAttributes = {
					7B671C912C418165008BBEA5 = {
						CreatedOnToolsVersion = 15.4;
					};
				};
			};
			buildConfigurationList = 7B671C8D2C418165008BBEA5 /* Build configuration list for PBXProject "SwiftUI Boilerplate" */;
			compatibilityVersion = "Xcode 14.0";
			developmentRegion = en;
			hasScannedForEncodings = 0;
			knownRegions = (
				en,
				Base,
			);
			mainGroup = 7B671C892C418165008BBEA5;
			packageReferences = (
				7BB286A72C4856A6003A58DC /* XCRemoteSwiftPackageReference "KeychainAccess" */,
				7BB286B42C487CD3003A58DC /* XCRemoteSwiftPackageReference "JWTDecode.swift" */,
			);
			productRefGroup = 7B671C932C418165008BBEA5 /* Products */;
			projectDirPath = "";
			projectRoot = "";
			targets = (
				7B671C912C418165008BBEA5 /* SwiftUI Boilerplate */,
			);
		};
/* End PBXProject section */

/* Begin PBXResourcesBuildPhase section */
		7B671C902C418165008BBEA5 /* Resources */ = {
			isa = PBXResourcesBuildPhase;
			buildActionMask = 2147483647;
			files = (
				7B671C9D2C418166008BBEA5 /* Preview Assets.xcassets in Resources */,
				7B671C9A2C418166008BBEA5 /* Assets.xcassets in Resources */,
			);
			runOnlyForDeploymentPostprocessing = 0;
		};
/* End PBXResourcesBuildPhase section */

/* Begin PBXSourcesBuildPhase section */
		7B671C8E2C418165008BBEA5 /* Sources */ = {
			isa = PBXSourcesBuildPhase;
			buildActionMask = 2147483647;
			files = (
				7BB286A22C47236A003A58DC /* APIService.swift in Sources */,
				7B671CC12C4181BA008BBEA5 /* BTSecureField.swift in Sources */,
				7BD1D7182C95174A00CFC1B0 /* RegisterRequest.swift in Sources */,
				7B671CD82C443301008BBEA5 /* NavigationViewModel.swift in Sources */,
				7B671CB62C4181B3008BBEA5 /* Constants.swift in Sources */,
				7B671CD02C419431008BBEA5 /* RegisterViewModel.swift in Sources */,
				7B671CB72C4181B3008BBEA5 /* Extensions.swift in Sources */,
				7BB286A62C4833E8003A58DC /* APIRequest.swift in Sources */,
				7B671CC22C4181BA008BBEA5 /* BTTextField.swift in Sources */,
				7BB286BE2C51651C003A58DC /* AuthResponse.swift in Sources */,
				7B671CC02C4181BA008BBEA5 /* BTButton.swift in Sources */,
				7B671CA92C41818D008BBEA5 /* LoginViewModel.swift in Sources */,
				7BB286C02C517FEF003A58DC /* EmptyCodable.swift in Sources */,
				7B671CAA2C41818D008BBEA5 /* LoginView.swift in Sources */,
				7BB286BB2C4EA71C003A58DC /* LoginRequest.swift in Sources */,
				7B671CCE2C41937B008BBEA5 /* RegisterView.swift in Sources */,
				7BB286AF2C486190003A58DC /* JWTPayload.swift in Sources */,
				7B671C962C418165008BBEA5 /* SwiftUI_BoilerplateApp.swift in Sources */,
				7B671CD62C443288008BBEA5 /* NavigationView.swift in Sources */,
				7B671CB82C4181B3008BBEA5 /* Validation.swift in Sources */,
				7BB286C52C5A93C6003A58DC /* UserView.swift in Sources */,
				7BB286C32C581E99003A58DC /* User.swift in Sources */,
				7BB286A02C45DACD003A58DC /* AuthService.swift in Sources */,
				7BB286B82C4EA120003A58DC /* UserViewModel.swift in Sources */,
				7BB286AB2C485A03003A58DC /* NetworkError.swift in Sources */,
			);
			runOnlyForDeploymentPostprocessing = 0;
		};
/* End PBXSourcesBuildPhase section */

/* Begin XCBuildConfiguration section */
		7B671C9E2C418166008BBEA5 /* Debug */ = {
			isa = XCBuildConfiguration;
			buildSettings = {
				ALWAYS_SEARCH_USER_PATHS = NO;
				ASSETCATALOG_COMPILER_GENERATE_SWIFT_ASSET_SYMBOL_EXTENSIONS = YES;
				CLANG_ANALYZER_NONNULL = YES;
				CLANG_ANALYZER_NUMBER_OBJECT_CONVERSION = YES_AGGRESSIVE;
				CLANG_CXX_LANGUAGE_STANDARD = "gnu++20";
				CLANG_ENABLE_MODULES = YES;
				CLANG_ENABLE_OBJC_ARC = YES;
				CLANG_ENABLE_OBJC_WEAK = YES;
				CLANG_WARN_BLOCK_CAPTURE_AUTORELEASING = YES;
				CLANG_WARN_BOOL_CONVERSION = YES;
				CLANG_WARN_COMMA = YES;
				CLANG_WARN_CONSTANT_CONVERSION = YES;
				CLANG_WARN_DEPRECATED_OBJC_IMPLEMENTATIONS = YES;
				CLANG_WARN_DIRECT_OBJC_ISA_USAGE = YES_ERROR;
				CLANG_WARN_DOCUMENTATION_COMMENTS = YES;
				CLANG_WARN_EMPTY_BODY = YES;
				CLANG_WARN_ENUM_CONVERSION = YES;
				CLANG_WARN_INFINITE_RECURSION = YES;
				CLANG_WARN_INT_CONVERSION = YES;
				CLANG_WARN_NON_LITERAL_NULL_CONVERSION = YES;
				CLANG_WARN_OBJC_IMPLICIT_RETAIN_SELF = YES;
				CLANG_WARN_OBJC_LITERAL_CONVERSION = YES;
				CLANG_WARN_OBJC_ROOT_CLASS = YES_ERROR;
				CLANG_WARN_QUOTED_INCLUDE_IN_FRAMEWORK_HEADER = YES;
				CLANG_WARN_RANGE_LOOP_ANALYSIS = YES;
				CLANG_WARN_STRICT_PROTOTYPES = YES;
				CLANG_WARN_SUSPICIOUS_MOVE = YES;
				CLANG_WARN_UNGUARDED_AVAILABILITY = YES_AGGRESSIVE;
				CLANG_WARN_UNREACHABLE_CODE = YES;
				CLANG_WARN__DUPLICATE_METHOD_MATCH = YES;
				COPY_PHASE_STRIP = NO;
				DEBUG_INFORMATION_FORMAT = dwarf;
				ENABLE_STRICT_OBJC_MSGSEND = YES;
				ENABLE_TESTABILITY = YES;
				ENABLE_USER_SCRIPT_SANDBOXING = YES;
				GCC_C_LANGUAGE_STANDARD = gnu17;
				GCC_DYNAMIC_NO_PIC = NO;
				GCC_NO_COMMON_BLOCKS = YES;
				GCC_OPTIMIZATION_LEVEL = 0;
				GCC_PREPROCESSOR_DEFINITIONS = (
					"DEBUG=1",
					"$(inherited)",
				);
				GCC_WARN_64_TO_32_BIT_CONVERSION = YES;
				GCC_WARN_ABOUT_RETURN_TYPE = YES_ERROR;
				GCC_WARN_UNDECLARED_SELECTOR = YES;
				GCC_WARN_UNINITIALIZED_AUTOS = YES_AGGRESSIVE;
				GCC_WARN_UNUSED_FUNCTION = YES;
				GCC_WARN_UNUSED_VARIABLE = YES;
				IPHONEOS_DEPLOYMENT_TARGET = 17.5;
				LOCALIZATION_PREFERS_STRING_CATALOGS = YES;
				MTL_ENABLE_DEBUG_INFO = INCLUDE_SOURCE;
				MTL_FAST_MATH = YES;
				ONLY_ACTIVE_ARCH = YES;
				SDKROOT = iphoneos;
				SWIFT_ACTIVE_COMPILATION_CONDITIONS = "DEBUG $(inherited)";
				SWIFT_OPTIMIZATION_LEVEL = "-Onone";
			};
			name = Debug;
		};
		7B671C9F2C418166008BBEA5 /* Release */ = {
			isa = XCBuildConfiguration;
			buildSettings = {
				ALWAYS_SEARCH_USER_PATHS = NO;
				ASSETCATALOG_COMPILER_GENERATE_SWIFT_ASSET_SYMBOL_EXTENSIONS = YES;
				CLANG_ANALYZER_NONNULL = YES;
				CLANG_ANALYZER_NUMBER_OBJECT_CONVERSION = YES_AGGRESSIVE;
				CLANG_CXX_LANGUAGE_STANDARD = "gnu++20";
				CLANG_ENABLE_MODULES = YES;
				CLANG_ENABLE_OBJC_ARC = YES;
				CLANG_ENABLE_OBJC_WEAK = YES;
				CLANG_WARN_BLOCK_CAPTURE_AUTORELEASING = YES;
				CLANG_WARN_BOOL_CONVERSION = YES;
				CLANG_WARN_COMMA = YES;
				CLANG_WARN_CONSTANT_CONVERSION = YES;
				CLANG_WARN_DEPRECATED_OBJC_IMPLEMENTATIONS = YES;
				CLANG_WARN_DIRECT_OBJC_ISA_USAGE = YES_ERROR;
				CLANG_WARN_DOCUMENTATION_COMMENTS = YES;
				CLANG_WARN_EMPTY_BODY = YES;
				CLANG_WARN_ENUM_CONVERSION = YES;
				CLANG_WARN_INFINITE_RECURSION = YES;
				CLANG_WARN_INT_CONVERSION = YES;
				CLANG_WARN_NON_LITERAL_NULL_CONVERSION = YES;
				CLANG_WARN_OBJC_IMPLICIT_RETAIN_SELF = YES;
				CLANG_WARN_OBJC_LITERAL_CONVERSION = YES;
				CLANG_WARN_OBJC_ROOT_CLASS = YES_ERROR;
				CLANG_WARN_QUOTED_INCLUDE_IN_FRAMEWORK_HEADER = YES;
				CLANG_WARN_RANGE_LOOP_ANALYSIS = YES;
				CLANG_WARN_STRICT_PROTOTYPES = YES;
				CLANG_WARN_SUSPICIOUS_MOVE = YES;
				CLANG_WARN_UNGUARDED_AVAILABILITY = YES_AGGRESSIVE;
				CLANG_WARN_UNREACHABLE_CODE = YES;
				CLANG_WARN__DUPLICATE_METHOD_MATCH = YES;
				COPY_PHASE_STRIP = NO;
				DEBUG_INFORMATION_FORMAT = "dwarf-with-dsym";
				ENABLE_NS_ASSERTIONS = NO;
				ENABLE_STRICT_OBJC_MSGSEND = YES;
				ENABLE_USER_SCRIPT_SANDBOXING = YES;
				GCC_C_LANGUAGE_STANDARD = gnu17;
				GCC_NO_COMMON_BLOCKS = YES;
				GCC_WARN_64_TO_32_BIT_CONVERSION = YES;
				GCC_WARN_ABOUT_RETURN_TYPE = YES_ERROR;
				GCC_WARN_UNDECLARED_SELECTOR = YES;
				GCC_WARN_UNINITIALIZED_AUTOS = YES_AGGRESSIVE;
				GCC_WARN_UNUSED_FUNCTION = YES;
				GCC_WARN_UNUSED_VARIABLE = YES;
				IPHONEOS_DEPLOYMENT_TARGET = 17.5;
				LOCALIZATION_PREFERS_STRING_CATALOGS = YES;
				MTL_ENABLE_DEBUG_INFO = NO;
				MTL_FAST_MATH = YES;
				SDKROOT = iphoneos;
				SWIFT_COMPILATION_MODE = wholemodule;
				VALIDATE_PRODUCT = YES;
			};
			name = Release;
		};
		7B671CA12C418166008BBEA5 /* Debug */ = {
			isa = XCBuildConfiguration;
			buildSettings = {
				ASSETCATALOG_COMPILER_APPICON_NAME = AppIcon;
				ASSETCATALOG_COMPILER_GLOBAL_ACCENT_COLOR_NAME = AccentColor;
				CODE_SIGN_STYLE = Automatic;
				CURRENT_PROJECT_VERSION = 1;
				DEVELOPMENT_ASSET_PATHS = "\"SwiftUI Boilerplate/Preview Content\"";
				ENABLE_PREVIEWS = YES;
				GENERATE_INFOPLIST_FILE = YES;
				INFOPLIST_KEY_UIApplicationSceneManifest_Generation = YES;
				INFOPLIST_KEY_UIApplicationSupportsIndirectInputEvents = YES;
				INFOPLIST_KEY_UILaunchScreen_Generation = YES;
				INFOPLIST_KEY_UISupportedInterfaceOrientations_iPad = "UIInterfaceOrientationPortrait UIInterfaceOrientationPortraitUpsideDown UIInterfaceOrientationLandscapeLeft UIInterfaceOrientationLandscapeRight";
				INFOPLIST_KEY_UISupportedInterfaceOrientations_iPhone = "UIInterfaceOrientationPortrait UIInterfaceOrientationLandscapeLeft UIInterfaceOrientationLandscapeRight";
				LD_RUNPATH_SEARCH_PATHS = (
					"$(inherited)",
					"@executable_path/Frameworks",
				);
				MARKETING_VERSION = 1.0;
				PRODUCT_BUNDLE_IDENTIFIER = "com.ianargyle.SwiftUI-Boilerplate";
				PRODUCT_NAME = "$(TARGET_NAME)";
				SWIFT_EMIT_LOC_STRINGS = YES;
				SWIFT_VERSION = 5.0;
				TARGETED_DEVICE_FAMILY = "1,2";
			};
			name = Debug;
		};
		7B671CA22C418166008BBEA5 /* Release */ = {
			isa = XCBuildConfiguration;
			buildSettings = {
				ASSETCATALOG_COMPILER_APPICON_NAME = AppIcon;
				ASSETCATALOG_COMPILER_GLOBAL_ACCENT_COLOR_NAME = AccentColor;
				CODE_SIGN_STYLE = Automatic;
				CURRENT_PROJECT_VERSION = 1;
				DEVELOPMENT_ASSET_PATHS = "\"SwiftUI Boilerplate/Preview Content\"";
				ENABLE_PREVIEWS = YES;
				GENERATE_INFOPLIST_FILE = YES;
				INFOPLIST_KEY_UIApplicationSceneManifest_Generation = YES;
				INFOPLIST_KEY_UIApplicationSupportsIndirectInputEvents = YES;
				INFOPLIST_KEY_UILaunchScreen_Generation = YES;
				INFOPLIST_KEY_UISupportedInterfaceOrientations_iPad = "UIInterfaceOrientationPortrait UIInterfaceOrientationPortraitUpsideDown UIInterfaceOrientationLandscapeLeft UIInterfaceOrientationLandscapeRight";
				INFOPLIST_KEY_UISupportedInterfaceOrientations_iPhone = "UIInterfaceOrientationPortrait UIInterfaceOrientationLandscapeLeft UIInterfaceOrientationLandscapeRight";
				LD_RUNPATH_SEARCH_PATHS = (
					"$(inherited)",
					"@executable_path/Frameworks",
				);
				MARKETING_VERSION = 1.0;
				PRODUCT_BUNDLE_IDENTIFIER = "com.ianargyle.SwiftUI-Boilerplate";
				PRODUCT_NAME = "$(TARGET_NAME)";
				SWIFT_EMIT_LOC_STRINGS = YES;
				SWIFT_VERSION = 5.0;
				TARGETED_DEVICE_FAMILY = "1,2";
			};
			name = Release;
		};
/* End XCBuildConfiguration section */

/* Begin XCConfigurationList section */
		7B671C8D2C418165008BBEA5 /* Build configuration list for PBXProject "SwiftUI Boilerplate" */ = {
			isa = XCConfigurationList;
			buildConfigurations = (
				7B671C9E2C418166008BBEA5 /* Debug */,
				7B671C9F2C418166008BBEA5 /* Release */,
			);
			defaultConfigurationIsVisible = 0;
			defaultConfigurationName = Release;
		};
		7B671CA02C418166008BBEA5 /* Build configuration list for PBXNativeTarget "SwiftUI Boilerplate" */ = {
			isa = XCConfigurationList;
			buildConfigurations = (
				7B671CA12C418166008BBEA5 /* Debug */,
				7B671CA22C418166008BBEA5 /* Release */,
			);
			defaultConfigurationIsVisible = 0;
			defaultConfigurationName = Release;
		};
/* End XCConfigurationList section */

/* Begin XCRemoteSwiftPackageReference section */
		7BB286A72C4856A6003A58DC /* XCRemoteSwiftPackageReference "KeychainAccess" */ = {
			isa = XCRemoteSwiftPackageReference;
			repositoryURL = "https://github.com/kishikawakatsumi/KeychainAccess.git";
			requirement = {
				branch = master;
				kind = branch;
			};
		};
		7BB286B42C487CD3003A58DC /* XCRemoteSwiftPackageReference "JWTDecode.swift" */ = {
			isa = XCRemoteSwiftPackageReference;
			repositoryURL = "https://github.com/auth0/JWTDecode.swift.git";
			requirement = {
				kind = upToNextMajorVersion;
				minimumVersion = 3.1.0;
			};
		};
/* End XCRemoteSwiftPackageReference section */

/* Begin XCSwiftPackageProductDependency section */
		7BB286A82C4856A6003A58DC /* KeychainAccess */ = {
			isa = XCSwiftPackageProductDependency;
			package = 7BB286A72C4856A6003A58DC /* XCRemoteSwiftPackageReference "KeychainAccess" */;
			productName = KeychainAccess;
		};
		7BB286B52C487CD3003A58DC /* JWTDecode */ = {
			isa = XCSwiftPackageProductDependency;
			package = 7BB286B42C487CD3003A58DC /* XCRemoteSwiftPackageReference "JWTDecode.swift" */;
			productName = JWTDecode;
		};
/* End XCSwiftPackageProductDependency section */
	};
	rootObject = 7B671C8A2C418165008BBEA5 /* Project object */;
}
